
Microsoft Visual Studio Solution File, Format Version 12.00
# Visual Studio Version 17
VisualStudioVersion = 17.14.36414.22 d17.14
MinimumVisualStudioVersion = 10.0.40219.1
Project("{FAE04EC0-301F-11D3-BF4B-00C04F79EFBC}") = "CuaHangThietBiDienTu", "CuaHangThietBiDienTu\CuaHangThietBiDienTu.csproj", "{0BDCE18B-2C05-4596-88E8-1D96B5EEB7E2}"
EndProject
Global
	GlobalSection(SolutionConfigurationPlatforms) = preSolution
		Debug|Any CPU = Debug|Any CPU
		Release|Any CPU = Release|Any CPU
	EndGlobalSection
	GlobalSection(ProjectConfigurationPlatforms) = postSolution
		{0BDCE18B-2C05-4596-88E8-1D96B5EEB7E2}.Debug|Any CPU.ActiveCfg = Debug|Any CPU
		{0BDCE18B-2C05-4596-88E8-1D96B5EEB7E2}.Debug|Any CPU.Build.0 = Debug|Any CPU
		{0BDCE18B-2C05-4596-88E8-1D96B5EEB7E2}.Release|Any CPU.ActiveCfg = Release|Any CPU
		{0BDCE18B-2C05-4596-88E8-1D96B5EEB7E2}.Release|Any CPU.Build.0 = Release|Any CPU
	EndGlobalSection
	GlobalSection(SolutionProperties) = preSolution
		HideSolutionNode = FALSE
	EndGlobalSection
	GlobalSection(ExtensibilityGlobals) = postSolution
		SolutionGuid = {E6EC3540-57C1-4430-B983-FD65108C0C38}
	EndGlobalSection
EndGlobal
